
Microsoft Visual Studio Solution File, Format Version 12.00
# Visual Studio 15
VisualStudioVersion = 15.0.28307.329
MinimumVisualStudioVersion = 10.0.40219.1
Project("{FAE04EC0-301F-11D3-BF4B-00C04F79EFBC}") = "FinalTest - Exr3 - Facade_and_Proxy", "FinalTest - Exr3 - Facade_and_Proxy\FinalTest - Exr3 - Facade_and_Proxy.csproj", "{EC309E0F-F73E-4B3C-8CE4-0AE3A696FE7E}"
EndProject
Global
	GlobalSection(SolutionConfigurationPlatforms) = preSolution
		Debug|Any CPU = Debug|Any CPU
		Release|Any CPU = Release|Any CPU
	EndGlobalSection
	GlobalSection(ProjectConfigurationPlatforms) = postSolution
		{EC309E0F-F73E-4B3C-8CE4-0AE3A696FE7E}.Debug|Any CPU.ActiveCfg = Debug|Any CPU
		{EC309E0F-F73E-4B3C-8CE4-0AE3A696FE7E}.Debug|Any CPU.Build.0 = Debug|Any CPU
		{EC309E0F-F73E-4B3C-8CE4-0AE3A696FE7E}.Release|Any CPU.ActiveCfg = Release|Any CPU
		{EC309E0F-F73E-4B3C-8CE4-0AE3A696FE7E}.Release|Any CPU.Build.0 = Release|Any CPU
	EndGlobalSection
	GlobalSection(SolutionProperties) = preSolution
		HideSolutionNode = FALSE
	EndGlobalSection
	GlobalSection(ExtensibilityGlobals) = postSolution
		SolutionGuid = {44C6E80B-1412-4FCF-BF82-756276309E63}
	EndGlobalSection
EndGlobal
