
Microsoft Visual Studio Solution File, Format Version 12.00
# Visual Studio 15
VisualStudioVersion = 15.0.28307.329
MinimumVisualStudioVersion = 10.0.40219.1
Project("{FAE04EC0-301F-11D3-BF4B-00C04F79EFBC}") = "FinalTest - Exr5 - ChainOfResp", "FinalTest - Exr5 - ChainOfResp\FinalTest - Exr5 - ChainOfResp.csproj", "{5683D7E1-D810-4729-946F-1808D42CD706}"
EndProject
Global
	GlobalSection(SolutionConfigurationPlatforms) = preSolution
		Debug|Any CPU = Debug|Any CPU
		Release|Any CPU = Release|Any CPU
	EndGlobalSection
	GlobalSection(ProjectConfigurationPlatforms) = postSolution
		{5683D7E1-D810-4729-946F-1808D42CD706}.Debug|Any CPU.ActiveCfg = Debug|Any CPU
		{5683D7E1-D810-4729-946F-1808D42CD706}.Debug|Any CPU.Build.0 = Debug|Any CPU
		{5683D7E1-D810-4729-946F-1808D42CD706}.Release|Any CPU.ActiveCfg = Release|Any CPU
		{5683D7E1-D810-4729-946F-1808D42CD706}.Release|Any CPU.Build.0 = Release|Any CPU
	EndGlobalSection
	GlobalSection(SolutionProperties) = preSolution
		HideSolutionNode = FALSE
	EndGlobalSection
	GlobalSection(ExtensibilityGlobals) = postSolution
		SolutionGuid = {03AA2898-0380-4641-AE3C-124A50C9A3A4}
	EndGlobalSection
EndGlobal
